// !$*UTF8*$!
{
	archiveVersion = 1;
	classes = {
	};
	objectVersion = 55;
	objects = {

/* Begin PBXBuildFile section */
		9023169C27C1513300651CAF /* Cryp2pApp.swift in Sources */ = {isa = PBXBuildFile; fileRef = 9023169B27C1513300651CAF /* Cryp2pApp.swift */; };
		902316A027C1513400651CAF /* Assets.xcassets in Resources */ = {isa = PBXBuildFile; fileRef = 9023169F27C1513400651CAF /* Assets.xcassets */; };
		902316A327C1513400651CAF /* Preview Assets.xcassets in Resources */ = {isa = PBXBuildFile; fileRef = 902316A227C1513400651CAF /* Preview Assets.xcassets */; };
		902316AA27C1542D00651CAF /* LaunchView.swift in Sources */ = {isa = PBXBuildFile; fileRef = 902316A927C1542D00651CAF /* LaunchView.swift */; };
		902316AE27C1544900651CAF /* HomeView.swift in Sources */ = {isa = PBXBuildFile; fileRef = 902316AD27C1544900651CAF /* HomeView.swift */; };
		902316B127C1546500651CAF /* OnboardingView.swift in Sources */ = {isa = PBXBuildFile; fileRef = 902316B027C1546500651CAF /* OnboardingView.swift */; };
		902316B427C154A700651CAF /* ContentModel.swift in Sources */ = {isa = PBXBuildFile; fileRef = 902316B327C154A700651CAF /* ContentModel.swift */; };
		902316B627C1563E00651CAF /* LaunchScreen.storyboard in Resources */ = {isa = PBXBuildFile; fileRef = 902316B527C1563E00651CAF /* LaunchScreen.storyboard */; };
		908B7E2D27C15E8500CB3473 /* LabelStyles.swift in Sources */ = {isa = PBXBuildFile; fileRef = 908B7E2C27C15E8500CB3473 /* LabelStyles.swift */; };
		908B7E2F27C1605C00CB3473 /* SendView.swift in Sources */ = {isa = PBXBuildFile; fileRef = 908B7E2E27C1605C00CB3473 /* SendView.swift */; };
		908B7E3127C160B200CB3473 /* ReceiveView.swift in Sources */ = {isa = PBXBuildFile; fileRef = 908B7E3027C160B200CB3473 /* ReceiveView.swift */; };
		908B7E3327C160C400CB3473 /* ScanView.swift in Sources */ = {isa = PBXBuildFile; fileRef = 908B7E3227C160C400CB3473 /* ScanView.swift */; };
		908B7E3827C16EE900CB3473 /* WalletView.swift in Sources */ = {isa = PBXBuildFile; fileRef = 908B7E3727C16EE900CB3473 /* WalletView.swift */; };
		908B7E3A27C16EF600CB3473 /* SettingsView.swift in Sources */ = {isa = PBXBuildFile; fileRef = 908B7E3927C16EF600CB3473 /* SettingsView.swift */; };
		908B7E3E27C296FA00CB3473 /* NavigationBar.swift in Sources */ = {isa = PBXBuildFile; fileRef = 908B7E3D27C296FA00CB3473 /* NavigationBar.swift */; };
/* End PBXBuildFile section */

/* Begin PBXFileReference section */
		9023169827C1513300651CAF /* Cryp2p.app */ = {isa = PBXFileReference; explicitFileType = wrapper.application; includeInIndex = 0; path = Cryp2p.app; sourceTree = BUILT_PRODUCTS_DIR; };
		9023169B27C1513300651CAF /* Cryp2pApp.swift */ = {isa = PBXFileReference; lastKnownFileType = sourcecode.swift; path = Cryp2pApp.swift; sourceTree = "<group>"; };
		9023169F27C1513400651CAF /* Assets.xcassets */ = {isa = PBXFileReference; lastKnownFileType = folder.assetcatalog; path = Assets.xcassets; sourceTree = "<group>"; };
		902316A227C1513400651CAF /* Preview Assets.xcassets */ = {isa = PBXFileReference; lastKnownFileType = folder.assetcatalog; path = "Preview Assets.xcassets"; sourceTree = "<group>"; };
		902316A927C1542D00651CAF /* LaunchView.swift */ = {isa = PBXFileReference; lastKnownFileType = sourcecode.swift; path = LaunchView.swift; sourceTree = "<group>"; };
		902316AD27C1544900651CAF /* HomeView.swift */ = {isa = PBXFileReference; lastKnownFileType = sourcecode.swift; path = HomeView.swift; sourceTree = "<group>"; };
		902316B027C1546500651CAF /* OnboardingView.swift */ = {isa = PBXFileReference; lastKnownFileType = sourcecode.swift; path = OnboardingView.swift; sourceTree = "<group>"; };
		902316B327C154A700651CAF /* ContentModel.swift */ = {isa = PBXFileReference; lastKnownFileType = sourcecode.swift; path = ContentModel.swift; sourceTree = "<group>"; };
		902316B527C1563E00651CAF /* LaunchScreen.storyboard */ = {isa = PBXFileReference; lastKnownFileType = file.storyboard; path = LaunchScreen.storyboard; sourceTree = "<group>"; };
		908B7E2C27C15E8500CB3473 /* LabelStyles.swift */ = {isa = PBXFileReference; lastKnownFileType = sourcecode.swift; path = LabelStyles.swift; sourceTree = "<group>"; };
		908B7E2E27C1605C00CB3473 /* SendView.swift */ = {isa = PBXFileReference; lastKnownFileType = sourcecode.swift; path = SendView.swift; sourceTree = "<group>"; };
		908B7E3027C160B200CB3473 /* ReceiveView.swift */ = {isa = PBXFileReference; lastKnownFileType = sourcecode.swift; path = ReceiveView.swift; sourceTree = "<group>"; };
		908B7E3227C160C400CB3473 /* ScanView.swift */ = {isa = PBXFileReference; lastKnownFileType = sourcecode.swift; path = ScanView.swift; sourceTree = "<group>"; };
		908B7E3727C16EE900CB3473 /* WalletView.swift */ = {isa = PBXFileReference; lastKnownFileType = sourcecode.swift; path = WalletView.swift; sourceTree = "<group>"; };
		908B7E3927C16EF600CB3473 /* SettingsView.swift */ = {isa = PBXFileReference; lastKnownFileType = sourcecode.swift; path = SettingsView.swift; sourceTree = "<group>"; };
		908B7E3C27C2565000CB3473 /* Info.plist */ = {isa = PBXFileReference; lastKnownFileType = text.plist; path = Info.plist; sourceTree = "<group>"; };
		908B7E3D27C296FA00CB3473 /* NavigationBar.swift */ = {isa = PBXFileReference; lastKnownFileType = sourcecode.swift; path = NavigationBar.swift; sourceTree = "<group>"; };
/* End PBXFileReference section */

/* Begin PBXFrameworksBuildPhase section */
		9023169527C1513300651CAF /* Frameworks */ = {
			isa = PBXFrameworksBuildPhase;
			buildActionMask = 2147483647;
			files = (
			);
			runOnlyForDeploymentPostprocessing = 0;
		};
/* End PBXFrameworksBuildPhase section */

/* Begin PBXGroup section */
		9023168F27C1513300651CAF = {
			isa = PBXGroup;
			children = (
				9023169A27C1513300651CAF /* Cryp2p */,
				9023169927C1513300651CAF /* Products */,
			);
			sourceTree = "<group>";
		};
		9023169927C1513300651CAF /* Products */ = {
			isa = PBXGroup;
			children = (
				9023169827C1513300651CAF /* Cryp2p.app */,
			);
			name = Products;
			sourceTree = "<group>";
		};
		9023169A27C1513300651CAF /* Cryp2p */ = {
			isa = PBXGroup;
			children = (
				908B7E3C27C2565000CB3473 /* Info.plist */,
				9023169B27C1513300651CAF /* Cryp2pApp.swift */,
				908B7E2B27C15E7100CB3473 /* Helpers */,
				902316AC27C1543B00651CAF /* Views */,
				908B7E3427C16D4800CB3473 /* SheetViews */,
				9023169F27C1513400651CAF /* Assets.xcassets */,
				902316A127C1513400651CAF /* Preview Content */,
			);
			path = Cryp2p;
			sourceTree = "<group>";
		};
		902316A127C1513400651CAF /* Preview Content */ = {
			isa = PBXGroup;
			children = (
				902316A227C1513400651CAF /* Preview Assets.xcassets */,
			);
			path = "Preview Content";
			sourceTree = "<group>";
		};
		902316AB27C1543400651CAF /* Home */ = {
			isa = PBXGroup;
			children = (
				902316AD27C1544900651CAF /* HomeView.swift */,
				908B7E3D27C296FA00CB3473 /* NavigationBar.swift */,
				908B7E3B27C176E400CB3473 /* ChildViews */,
			);
			path = Home;
			sourceTree = "<group>";
		};
		902316AC27C1543B00651CAF /* Views */ = {
			isa = PBXGroup;
			children = (
				902316B527C1563E00651CAF /* LaunchScreen.storyboard */,
				902316A927C1542D00651CAF /* LaunchView.swift */,
				902316AF27C1545000651CAF /* Onboarding */,
				902316AB27C1543400651CAF /* Home */,
				902316B227C1547300651CAF /* ViewModels */,
			);
			path = Views;
			sourceTree = "<group>";
		};
		902316AF27C1545000651CAF /* Onboarding */ = {
			isa = PBXGroup;
			children = (
				902316B027C1546500651CAF /* OnboardingView.swift */,
			);
			path = Onboarding;
			sourceTree = "<group>";
		};
		902316B227C1547300651CAF /* ViewModels */ = {
			isa = PBXGroup;
			children = (
				902316B327C154A700651CAF /* ContentModel.swift */,
			);
			path = ViewModels;
			sourceTree = "<group>";
		};
		908B7E2B27C15E7100CB3473 /* Helpers */ = {
			isa = PBXGroup;
			children = (
				908B7E2C27C15E8500CB3473 /* LabelStyles.swift */,
			);
			path = Helpers;
			sourceTree = "<group>";
		};
		908B7E3427C16D4800CB3473 /* SheetViews */ = {
			isa = PBXGroup;
			children = (
			);
			path = SheetViews;
			sourceTree = "<group>";
		};
		908B7E3B27C176E400CB3473 /* ChildViews */ = {
			isa = PBXGroup;
			children = (
				908B7E3727C16EE900CB3473 /* WalletView.swift */,
				908B7E3027C160B200CB3473 /* ReceiveView.swift */,
				908B7E3227C160C400CB3473 /* ScanView.swift */,
				908B7E2E27C1605C00CB3473 /* SendView.swift */,
				908B7E3927C16EF600CB3473 /* SettingsView.swift */,
			);
			path = ChildViews;
			sourceTree = "<group>";
		};
/* End PBXGroup section */

/* Begin PBXNativeTarget section */
		9023169727C1513300651CAF /* Cryp2p */ = {
			isa = PBXNativeTarget;
			buildConfigurationList = 902316A627C1513400651CAF /* Build configuration list for PBXNativeTarget "Cryp2p" */;
			buildPhases = (
				9023169427C1513300651CAF /* Sources */,
				9023169527C1513300651CAF /* Frameworks */,
				9023169627C1513300651CAF /* Resources */,
			);
			buildRules = (
			);
			dependencies = (
			);
			name = Cryp2p;
			productName = Cryp2p;
			productReference = 9023169827C1513300651CAF /* Cryp2p.app */;
			productType = "com.apple.product-type.application";
		};
/* End PBXNativeTarget section */

/* Begin PBXProject section */
		9023169027C1513300651CAF /* Project object */ = {
			isa = PBXProject;
			attributes = {
				BuildIndependentTargetsInParallel = 1;
				LastSwiftUpdateCheck = 1320;
				LastUpgradeCheck = 1320;
				TargetAttributes = {
					9023169727C1513300651CAF = {
						CreatedOnToolsVersion = 13.2.1;
					};
				};
			};
			buildConfigurationList = 9023169327C1513300651CAF /* Build configuration list for PBXProject "Cryp2p" */;
			compatibilityVersion = "Xcode 13.0";
			developmentRegion = en;
			hasScannedForEncodings = 0;
			knownRegions = (
				en,
				Base,
			);
			mainGroup = 9023168F27C1513300651CAF;
			productRefGroup = 9023169927C1513300651CAF /* Products */;
			projectDirPath = "";
			projectRoot = "";
			targets = (
				9023169727C1513300651CAF /* Cryp2p */,
			);
		};
/* End PBXProject section */

/* Begin PBXResourcesBuildPhase section */
		9023169627C1513300651CAF /* Resources */ = {
			isa = PBXResourcesBuildPhase;
			buildActionMask = 2147483647;
			files = (
				902316B627C1563E00651CAF /* LaunchScreen.storyboard in Resources */,
				902316A327C1513400651CAF /* Preview Assets.xcassets in Resources */,
				902316A027C1513400651CAF /* Assets.xcassets in Resources */,
			);
			runOnlyForDeploymentPostprocessing = 0;
		};
/* End PBXResourcesBuildPhase section */

/* Begin PBXSourcesBuildPhase section */
		9023169427C1513300651CAF /* Sources */ = {
			isa = PBXSourcesBuildPhase;
			buildActionMask = 2147483647;
			files = (
				902316AE27C1544900651CAF /* HomeView.swift in Sources */,
				902316B127C1546500651CAF /* OnboardingView.swift in Sources */,
				908B7E3827C16EE900CB3473 /* WalletView.swift in Sources */,
				908B7E3127C160B200CB3473 /* ReceiveView.swift in Sources */,
				902316B427C154A700651CAF /* ContentModel.swift in Sources */,
				9023169C27C1513300651CAF /* Cryp2pApp.swift in Sources */,
				908B7E3327C160C400CB3473 /* ScanView.swift in Sources */,
				908B7E2D27C15E8500CB3473 /* LabelStyles.swift in Sources */,
				908B7E3A27C16EF600CB3473 /* SettingsView.swift in Sources */,
				908B7E2F27C1605C00CB3473 /* SendView.swift in Sources */,
				902316AA27C1542D00651CAF /* LaunchView.swift in Sources */,
				908B7E3E27C296FA00CB3473 /* NavigationBar.swift in Sources */,
			);
			runOnlyForDeploymentPostprocessing = 0;
		};
/* End PBXSourcesBuildPhase section */

/* Begin XCBuildConfiguration section */
		902316A427C1513400651CAF /* Debug */ = {
			isa = XCBuildConfiguration;
			buildSettings = {
				ALWAYS_SEARCH_USER_PATHS = NO;
				CLANG_ANALYZER_NONNULL = YES;
				CLANG_ANALYZER_NUMBER_OBJECT_CONVERSION = YES_AGGRESSIVE;
				CLANG_CXX_LANGUAGE_STANDARD = "gnu++17";
				CLANG_CXX_LIBRARY = "libc++";
				CLANG_ENABLE_MODULES = YES;
				CLANG_ENABLE_OBJC_ARC = YES;
				CLANG_ENABLE_OBJC_WEAK = YES;
				CLANG_WARN_BLOCK_CAPTURE_AUTORELEASING = YES;
				CLANG_WARN_BOOL_CONVERSION = YES;
				CLANG_WARN_COMMA = YES;
				CLANG_WARN_CONSTANT_CONVERSION = YES;
				CLANG_WARN_DEPRECATED_OBJC_IMPLEMENTATIONS = YES;
				CLANG_WARN_DIRECT_OBJC_ISA_USAGE = YES_ERROR;
				CLANG_WARN_DOCUMENTATION_COMMENTS = YES;
				CLANG_WARN_EMPTY_BODY = YES;
				CLANG_WARN_ENUM_CONVERSION = YES;
				CLANG_WARN_INFINITE_RECURSION = YES;
				CLANG_WARN_INT_CONVERSION = YES;
				CLANG_WARN_NON_LITERAL_NULL_CONVERSION = YES;
				CLANG_WARN_OBJC_IMPLICIT_RETAIN_SELF = YES;
				CLANG_WARN_OBJC_LITERAL_CONVERSION = YES;
				CLANG_WARN_OBJC_ROOT_CLASS = YES_ERROR;
				CLANG_WARN_QUOTED_INCLUDE_IN_FRAMEWORK_HEADER = YES;
				CLANG_WARN_RANGE_LOOP_ANALYSIS = YES;
				CLANG_WARN_STRICT_PROTOTYPES = YES;
				CLANG_WARN_SUSPICIOUS_MOVE = YES;
				CLANG_WARN_UNGUARDED_AVAILABILITY = YES_AGGRESSIVE;
				CLANG_WARN_UNREACHABLE_CODE = YES;
				CLANG_WARN__DUPLICATE_METHOD_MATCH = YES;
				COPY_PHASE_STRIP = NO;
				DEBUG_INFORMATION_FORMAT = dwarf;
				ENABLE_STRICT_OBJC_MSGSEND = YES;
				ENABLE_TESTABILITY = YES;
				GCC_C_LANGUAGE_STANDARD = gnu11;
				GCC_DYNAMIC_NO_PIC = NO;
				GCC_NO_COMMON_BLOCKS = YES;
				GCC_OPTIMIZATION_LEVEL = 0;
				GCC_PREPROCESSOR_DEFINITIONS = (
					"DEBUG=1",
					"$(inherited)",
				);
				GCC_WARN_64_TO_32_BIT_CONVERSION = YES;
				GCC_WARN_ABOUT_RETURN_TYPE = YES_ERROR;
				GCC_WARN_UNDECLARED_SELECTOR = YES;
				GCC_WARN_UNINITIALIZED_AUTOS = YES_AGGRESSIVE;
				GCC_WARN_UNUSED_FUNCTION = YES;
				GCC_WARN_UNUSED_VARIABLE = YES;
				IPHONEOS_DEPLOYMENT_TARGET = 15.2;
				MTL_ENABLE_DEBUG_INFO = INCLUDE_SOURCE;
				MTL_FAST_MATH = YES;
				ONLY_ACTIVE_ARCH = YES;
				SDKROOT = iphoneos;
				SWIFT_ACTIVE_COMPILATION_CONDITIONS = DEBUG;
				SWIFT_OPTIMIZATION_LEVEL = "-Onone";
			};
			name = Debug;
		};
		902316A527C1513400651CAF /* Release */ = {
			isa = XCBuildConfiguration;
			buildSettings = {
				ALWAYS_SEARCH_USER_PATHS = NO;
				CLANG_ANALYZER_NONNULL = YES;
				CLANG_ANALYZER_NUMBER_OBJECT_CONVERSION = YES_AGGRESSIVE;
				CLANG_CXX_LANGUAGE_STANDARD = "gnu++17";
				CLANG_CXX_LIBRARY = "libc++";
				CLANG_ENABLE_MODULES = YES;
				CLANG_ENABLE_OBJC_ARC = YES;
				CLANG_ENABLE_OBJC_WEAK = YES;
				CLANG_WARN_BLOCK_CAPTURE_AUTORELEASING = YES;
				CLANG_WARN_BOOL_CONVERSION = YES;
				CLANG_WARN_COMMA = YES;
				CLANG_WARN_CONSTANT_CONVERSION = YES;
				CLANG_WARN_DEPRECATED_OBJC_IMPLEMENTATIONS = YES;
				CLANG_WARN_DIRECT_OBJC_ISA_USAGE = YES_ERROR;
				CLANG_WARN_DOCUMENTATION_COMMENTS = YES;
				CLANG_WARN_EMPTY_BODY = YES;
				CLANG_WARN_ENUM_CONVERSION = YES;
				CLANG_WARN_INFINITE_RECURSION = YES;
				CLANG_WARN_INT_CONVERSION = YES;
				CLANG_WARN_NON_LITERAL_NULL_CONVERSION = YES;
				CLANG_WARN_OBJC_IMPLICIT_RETAIN_SELF = YES;
				CLANG_WARN_OBJC_LITERAL_CONVERSION = YES;
				CLANG_WARN_OBJC_ROOT_CLASS = YES_ERROR;
				CLANG_WARN_QUOTED_INCLUDE_IN_FRAMEWORK_HEADER = YES;
				CLANG_WARN_RANGE_LOOP_ANALYSIS = YES;
				CLANG_WARN_STRICT_PROTOTYPES = YES;
				CLANG_WARN_SUSPICIOUS_MOVE = YES;
				CLANG_WARN_UNGUARDED_AVAILABILITY = YES_AGGRESSIVE;
				CLANG_WARN_UNREACHABLE_CODE = YES;
				CLANG_WARN__DUPLICATE_METHOD_MATCH = YES;
				COPY_PHASE_STRIP = NO;
				DEBUG_INFORMATION_FORMAT = "dwarf-with-dsym";
				ENABLE_NS_ASSERTIONS = NO;
				ENABLE_STRICT_OBJC_MSGSEND = YES;
				GCC_C_LANGUAGE_STANDARD = gnu11;
				GCC_NO_COMMON_BLOCKS = YES;
				GCC_WARN_64_TO_32_BIT_CONVERSION = YES;
				GCC_WARN_ABOUT_RETURN_TYPE = YES_ERROR;
				GCC_WARN_UNDECLARED_SELECTOR = YES;
				GCC_WARN_UNINITIALIZED_AUTOS = YES_AGGRESSIVE;
				GCC_WARN_UNUSED_FUNCTION = YES;
				GCC_WARN_UNUSED_VARIABLE = YES;
				IPHONEOS_DEPLOYMENT_TARGET = 15.2;
				MTL_ENABLE_DEBUG_INFO = NO;
				MTL_FAST_MATH = YES;
				SDKROOT = iphoneos;
				SWIFT_COMPILATION_MODE = wholemodule;
				SWIFT_OPTIMIZATION_LEVEL = "-O";
				VALIDATE_PRODUCT = YES;
			};
			name = Release;
		};
		902316A727C1513400651CAF /* Debug */ = {
			isa = XCBuildConfiguration;
			buildSettings = {
				ASSETCATALOG_COMPILER_APPICON_NAME = AppIcon;
				ASSETCATALOG_COMPILER_GLOBAL_ACCENT_COLOR_NAME = AccentColor;
				CODE_SIGN_STYLE = Automatic;
				CURRENT_PROJECT_VERSION = 1;
				DEVELOPMENT_ASSET_PATHS = "\"Cryp2p/Preview Content\"";
				DEVELOPMENT_TEAM = H4NW3RCM58;
				ENABLE_PREVIEWS = YES;
				GENERATE_INFOPLIST_FILE = YES;
				INFOPLIST_FILE = Cryp2p/Info.plist;
				INFOPLIST_KEY_UIApplicationSceneManifest_Generation = YES;
				INFOPLIST_KEY_UIApplicationSupportsIndirectInputEvents = YES;
				INFOPLIST_KEY_UILaunchScreen_Generation = YES;
				INFOPLIST_KEY_UILaunchStoryboardName = LaunchScreen;
				INFOPLIST_KEY_UISupportedInterfaceOrientations = UIInterfaceOrientationPortrait;
				INFOPLIST_KEY_UISupportedInterfaceOrientations_iPad = UIInterfaceOrientationPortrait;
				INFOPLIST_KEY_UISupportedInterfaceOrientations_iPhone = UIInterfaceOrientationPortrait;
				LD_RUNPATH_SEARCH_PATHS = (
					"$(inherited)",
					"@executable_path/Frameworks",
				);
				MARKETING_VERSION = 1.0;
				PRODUCT_BUNDLE_IDENTIFIER = fifarosta.Cryp2p;
				PRODUCT_NAME = "$(TARGET_NAME)";
				SWIFT_EMIT_LOC_STRINGS = YES;
				SWIFT_VERSION = 5.0;
				TARGETED_DEVICE_FAMILY = 1;
			};
			name = Debug;
		};
		902316A827C1513400651CAF /* Release */ = {
			isa = XCBuildConfiguration;
			buildSettings = {
				ASSETCATALOG_COMPILER_APPICON_NAME = AppIcon;
				ASSETCATALOG_COMPILER_GLOBAL_ACCENT_COLOR_NAME = AccentColor;
				CODE_SIGN_STYLE = Automatic;
				CURRENT_PROJECT_VERSION = 1;
				DEVELOPMENT_ASSET_PATHS = "\"Cryp2p/Preview Content\"";
				DEVELOPMENT_TEAM = H4NW3RCM58;
				ENABLE_PREVIEWS = YES;
				GENERATE_INFOPLIST_FILE = YES;
				INFOPLIST_FILE = Cryp2p/Info.plist;
				INFOPLIST_KEY_UIApplicationSceneManifest_Generation = YES;
				INFOPLIST_KEY_UIApplicationSupportsIndirectInputEvents = YES;
				INFOPLIST_KEY_UILaunchScreen_Generation = YES;
				INFOPLIST_KEY_UILaunchStoryboardName = LaunchScreen;
				INFOPLIST_KEY_UISupportedInterfaceOrientations = UIInterfaceOrientationPortrait;
				INFOPLIST_KEY_UISupportedInterfaceOrientations_iPad = UIInterfaceOrientationPortrait;
				INFOPLIST_KEY_UISupportedInterfaceOrientations_iPhone = UIInterfaceOrientationPortrait;
				LD_RUNPATH_SEARCH_PATHS = (
					"$(inherited)",
					"@executable_path/Frameworks",
				);
				MARKETING_VERSION = 1.0;
				PRODUCT_BUNDLE_IDENTIFIER = fifarosta.Cryp2p;
				PRODUCT_NAME = "$(TARGET_NAME)";
				SWIFT_EMIT_LOC_STRINGS = YES;
				SWIFT_VERSION = 5.0;
				TARGETED_DEVICE_FAMILY = 1;
			};
			name = Release;
		};
/* End XCBuildConfiguration section */

/* Begin XCConfigurationList section */
		9023169327C1513300651CAF /* Build configuration list for PBXProject "Cryp2p" */ = {
			isa = XCConfigurationList;
			buildConfigurations = (
				902316A427C1513400651CAF /* Debug */,
				902316A527C1513400651CAF /* Release */,
			);
			defaultConfigurationIsVisible = 0;
			defaultConfigurationName = Release;
		};
		902316A627C1513400651CAF /* Build configuration list for PBXNativeTarget "Cryp2p" */ = {
			isa = XCConfigurationList;
			buildConfigurations = (
				902316A727C1513400651CAF /* Debug */,
				902316A827C1513400651CAF /* Release */,
			);
			defaultConfigurationIsVisible = 0;
			defaultConfigurationName = Release;
		};
/* End XCConfigurationList section */
	};
	rootObject = 9023169027C1513300651CAF /* Project object */;
}
